
Microsoft Visual Studio Solution File, Format Version 12.00
# Visual Studio Version 16
VisualStudioVersion = 16.0.29009.5
MinimumVisualStudioVersion = 10.0.40219.1
Project("{2150E333-8FDC-42A3-9474-1A3956D46DE8}") = "identity", "identity", "{159A918D-E6AA-4DFF-828D-46B025DB8E60}"
EndProject
Project("{2150E333-8FDC-42A3-9474-1A3956D46DE8}") = "samples", "samples", "{10EF18E9-13A3-4F79-9183-5DFC1AC405DD}"
EndProject
Project("{9A19103F-16F7-4668-BE54-9A1E7A4F7556}") = "LinFx.Extensions.Blogging", "src\blogging\LinFx.Blogging\LinFx.Extensions.Blogging.csproj", "{4FA6D400-051D-4DEE-A456-8DB53EE58E4E}"
EndProject
Project("{2150E333-8FDC-42A3-9474-1A3956D46DE8}") = "modules", "modules", "{AF385DA0-98C3-423B-B6C5-AE815D091825}"
EndProject
Project("{2150E333-8FDC-42A3-9474-1A3956D46DE8}") = "blogging", "blogging", "{2B60D2F5-404D-4821-9EA0-13F3E4A7ED90}"
EndProject
Project("{2150E333-8FDC-42A3-9474-1A3956D46DE8}") = "account", "account", "{14947CD0-856E-46D0-813E-B8741FBD1F76}"
EndProject
Project("{9A19103F-16F7-4668-BE54-9A1E7A4F7556}") = "LinFx.Identity.Web.Host", "samples\LinFx.Identity.Web.Host\LinFx.Identity.Web.Host.csproj", "{8D078A4D-9B16-488A-B782-0CB4929FD613}"
EndProject
Project("{2150E333-8FDC-42A3-9474-1A3956D46DE8}") = "tenant-management", "tenant-management", "{1DA6B238-4562-418B-BB7D-EED066AF6A9E}"
EndProject
Project("{2150E333-8FDC-42A3-9474-1A3956D46DE8}") = "permission-management", "permission-management", "{DF056E44-AECD-4A1F-BC6E-DAEE41D8974B}"
EndProject
Project("{9A19103F-16F7-4668-BE54-9A1E7A4F7556}") = "LinFx.Extensions.TenantManagement", "src\tenant-management\LinFx.Extensions.TenantManagement\LinFx.Extensions.TenantManagement.csproj", "{8C405ACC-4315-4093-BE11-887B5390695F}"
EndProject
Project("{9A19103F-16F7-4668-BE54-9A1E7A4F7556}") = "LinFx.Extensions.PermissionManagement", "src\permission-management\LinFx.Extensions.PermissionManagement\LinFx.Extensions.PermissionManagement.csproj", "{198CF534-93DB-4211-8ED1-7D0DE794C7AD}"
EndProject
Project("{9A19103F-16F7-4668-BE54-9A1E7A4F7556}") = "LinFx.Extensions.Identity", "src\identity\LinFx.Extensions.Identity\LinFx.Extensions.Identity.csproj", "{BC9CA94A-0823-40BD-B1DD-37305AFCD874}"
EndProject
Project("{9A19103F-16F7-4668-BE54-9A1E7A4F7556}") = "IdentityService.Host", "samples\IdentityService.Host\IdentityService.Host.csproj", "{7B782A78-BC3E-4F98-9BBF-12FC46E213BA}"
EndProject
Project("{9A19103F-16F7-4668-BE54-9A1E7A4F7556}") = "AuthorizationServer.Host", "samples\AuthorizationServer.Host\AuthorizationServer.Host.csproj", "{86E65136-071F-499F-A968-210BACC6709A}"
EndProject
Project("{9A19103F-16F7-4668-BE54-9A1E7A4F7556}") = "LinFx.Extensions.PermissionManagement.HttpApi", "src\permission-management\LinFx.Extensions.PermissionManagement.HttpApi\LinFx.Extensions.PermissionManagement.HttpApi.csproj", "{0168F73E-F6E8-4D71-97D2-15CBE3FE6430}"
EndProject
Project("{9A19103F-16F7-4668-BE54-9A1E7A4F7556}") = "LinFx.Extensions.Identity.HttpApi", "src\identity\LinFx.Extensions.Identity.HttpApi\LinFx.Extensions.Identity.HttpApi.csproj", "{0AF6E41A-EC1A-451D-8DBE-E82D0065F82E}"
EndProject
Project("{9A19103F-16F7-4668-BE54-9A1E7A4F7556}") = "LinFx.Extensions.TenantManagement.HttpApi", "src\tenant-management\LinFx.Extensions.TenantManagement.HttpApi\LinFx.Extensions.TenantManagement.HttpApi.csproj", "{0DDEDAF9-1D60-4352-AF59-47D3BD2FD74D}"
EndProject
Project("{9A19103F-16F7-4668-BE54-9A1E7A4F7556}") = "SampleWeb.Host", "samples\SampleWeb.Host\SampleWeb.Host.csproj", "{35247CE5-9A86-41E0-9BBA-8B0E6AC6ED46}"
EndProject
Project("{9A19103F-16F7-4668-BE54-9A1E7A4F7556}") = "LinFx.Extensions.Identity.Web", "src\identity\LinFx.Extensions.Identity.Web\LinFx.Extensions.Identity.Web.csproj", "{0E310432-71AE-4E25-82B3-B4F1A4E3BA87}"
EndProject
Project("{9A19103F-16F7-4668-BE54-9A1E7A4F7556}") = "LinFx.Extensions.Account.UI", "src\account\LinFx.Extensions.Account.UI\LinFx.Extensions.Account.UI.csproj", "{8F0EA478-10EC-4FD3-A7A8-5A8B64D5F921}"
EndProject
Project("{9A19103F-16F7-4668-BE54-9A1E7A4F7556}") = "LinFx.Extensions.Blogging.HttpApi", "src\blogging\LinFx.Extensions.Blogging.HttpApi\LinFx.Extensions.Blogging.HttpApi.csproj", "{E25E2F00-6BE2-47CF-8DF3-7328276A179F}"
EndProject
Project("{9A19103F-16F7-4668-BE54-9A1E7A4F7556}") = "LinFx.Extensions.Identity.IdentityServer", "src\identity\LinFx.Extensions.Identity.IdentityServer\LinFx.Extensions.Identity.IdentityServer.csproj", "{64C79845-9782-4020-B212-FCE078F39118}"
EndProject
Project("{9A19103F-16F7-4668-BE54-9A1E7A4F7556}") = "LinFx", "..\LinFx\src\LinFx\LinFx.csproj", "{8E68BEBF-04EE-4B63-8927-DC3443993823}"
EndProject
Project("{2150E333-8FDC-42A3-9474-1A3956D46DE8}") = "lib", "lib", "{C2EC1137-1DAB-4B9B-8187-6B03E7B5F4DC}"
EndProject
Project("{9A19103F-16F7-4668-BE54-9A1E7A4F7556}") = "AuthServer.Host", "samples\AuthServer.Host\AuthServer.Host.csproj", "{A53B0DE5-590E-4521-9F2E-1AF0C48B1789}"
EndProject
Global
	GlobalSection(SolutionConfigurationPlatforms) = preSolution
		Debug|Any CPU = Debug|Any CPU
		Release|Any CPU = Release|Any CPU
	EndGlobalSection
	GlobalSection(ProjectConfigurationPlatforms) = postSolution
		{4FA6D400-051D-4DEE-A456-8DB53EE58E4E}.Debug|Any CPU.ActiveCfg = Debug|Any CPU
		{4FA6D400-051D-4DEE-A456-8DB53EE58E4E}.Debug|Any CPU.Build.0 = Debug|Any CPU
		{4FA6D400-051D-4DEE-A456-8DB53EE58E4E}.Release|Any CPU.ActiveCfg = Release|Any CPU
		{4FA6D400-051D-4DEE-A456-8DB53EE58E4E}.Release|Any CPU.Build.0 = Release|Any CPU
		{8D078A4D-9B16-488A-B782-0CB4929FD613}.Debug|Any CPU.ActiveCfg = Debug|Any CPU
		{8D078A4D-9B16-488A-B782-0CB4929FD613}.Debug|Any CPU.Build.0 = Debug|Any CPU
		{8D078A4D-9B16-488A-B782-0CB4929FD613}.Release|Any CPU.ActiveCfg = Release|Any CPU
		{8D078A4D-9B16-488A-B782-0CB4929FD613}.Release|Any CPU.Build.0 = Release|Any CPU
		{8C405ACC-4315-4093-BE11-887B5390695F}.Debug|Any CPU.ActiveCfg = Debug|Any CPU
		{8C405ACC-4315-4093-BE11-887B5390695F}.Debug|Any CPU.Build.0 = Debug|Any CPU
		{8C405ACC-4315-4093-BE11-887B5390695F}.Release|Any CPU.ActiveCfg = Release|Any CPU
		{8C405ACC-4315-4093-BE11-887B5390695F}.Release|Any CPU.Build.0 = Release|Any CPU
		{198CF534-93DB-4211-8ED1-7D0DE794C7AD}.Debug|Any CPU.ActiveCfg = Debug|Any CPU
		{198CF534-93DB-4211-8ED1-7D0DE794C7AD}.Debug|Any CPU.Build.0 = Debug|Any CPU
		{198CF534-93DB-4211-8ED1-7D0DE794C7AD}.Release|Any CPU.ActiveCfg = Release|Any CPU
		{198CF534-93DB-4211-8ED1-7D0DE794C7AD}.Release|Any CPU.Build.0 = Release|Any CPU
		{BC9CA94A-0823-40BD-B1DD-37305AFCD874}.Debug|Any CPU.ActiveCfg = Debug|Any CPU
		{BC9CA94A-0823-40BD-B1DD-37305AFCD874}.Debug|Any CPU.Build.0 = Debug|Any CPU
		{BC9CA94A-0823-40BD-B1DD-37305AFCD874}.Release|Any CPU.ActiveCfg = Release|Any CPU
		{BC9CA94A-0823-40BD-B1DD-37305AFCD874}.Release|Any CPU.Build.0 = Release|Any CPU
		{7B782A78-BC3E-4F98-9BBF-12FC46E213BA}.Debug|Any CPU.ActiveCfg = Debug|Any CPU
		{7B782A78-BC3E-4F98-9BBF-12FC46E213BA}.Debug|Any CPU.Build.0 = Debug|Any CPU
		{7B782A78-BC3E-4F98-9BBF-12FC46E213BA}.Release|Any CPU.ActiveCfg = Release|Any CPU
		{7B782A78-BC3E-4F98-9BBF-12FC46E213BA}.Release|Any CPU.Build.0 = Release|Any CPU
		{86E65136-071F-499F-A968-210BACC6709A}.Debug|Any CPU.ActiveCfg = Debug|Any CPU
		{86E65136-071F-499F-A968-210BACC6709A}.Debug|Any CPU.Build.0 = Debug|Any CPU
		{86E65136-071F-499F-A968-210BACC6709A}.Release|Any CPU.ActiveCfg = Release|Any CPU
		{86E65136-071F-499F-A968-210BACC6709A}.Release|Any CPU.Build.0 = Release|Any CPU
		{0168F73E-F6E8-4D71-97D2-15CBE3FE6430}.Debug|Any CPU.ActiveCfg = Debug|Any CPU
		{0168F73E-F6E8-4D71-97D2-15CBE3FE6430}.Debug|Any CPU.Build.0 = Debug|Any CPU
		{0168F73E-F6E8-4D71-97D2-15CBE3FE6430}.Release|Any CPU.ActiveCfg = Release|Any CPU
		{0168F73E-F6E8-4D71-97D2-15CBE3FE6430}.Release|Any CPU.Build.0 = Release|Any CPU
		{0AF6E41A-EC1A-451D-8DBE-E82D0065F82E}.Debug|Any CPU.ActiveCfg = Debug|Any CPU
		{0AF6E41A-EC1A-451D-8DBE-E82D0065F82E}.Debug|Any CPU.Build.0 = Debug|Any CPU
		{0AF6E41A-EC1A-451D-8DBE-E82D0065F82E}.Release|Any CPU.ActiveCfg = Release|Any CPU
		{0AF6E41A-EC1A-451D-8DBE-E82D0065F82E}.Release|Any CPU.Build.0 = Release|Any CPU
		{0DDEDAF9-1D60-4352-AF59-47D3BD2FD74D}.Debug|Any CPU.ActiveCfg = Debug|Any CPU
		{0DDEDAF9-1D60-4352-AF59-47D3BD2FD74D}.Debug|Any CPU.Build.0 = Debug|Any CPU
		{0DDEDAF9-1D60-4352-AF59-47D3BD2FD74D}.Release|Any CPU.ActiveCfg = Release|Any CPU
		{0DDEDAF9-1D60-4352-AF59-47D3BD2FD74D}.Release|Any CPU.Build.0 = Release|Any CPU
		{35247CE5-9A86-41E0-9BBA-8B0E6AC6ED46}.Debug|Any CPU.ActiveCfg = Debug|Any CPU
		{35247CE5-9A86-41E0-9BBA-8B0E6AC6ED46}.Debug|Any CPU.Build.0 = Debug|Any CPU
		{35247CE5-9A86-41E0-9BBA-8B0E6AC6ED46}.Release|Any CPU.ActiveCfg = Release|Any CPU
		{35247CE5-9A86-41E0-9BBA-8B0E6AC6ED46}.Release|Any CPU.Build.0 = Release|Any CPU
		{0E310432-71AE-4E25-82B3-B4F1A4E3BA87}.Debug|Any CPU.ActiveCfg = Debug|Any CPU
		{0E310432-71AE-4E25-82B3-B4F1A4E3BA87}.Debug|Any CPU.Build.0 = Debug|Any CPU
		{0E310432-71AE-4E25-82B3-B4F1A4E3BA87}.Release|Any CPU.ActiveCfg = Release|Any CPU
		{0E310432-71AE-4E25-82B3-B4F1A4E3BA87}.Release|Any CPU.Build.0 = Release|Any CPU
		{8F0EA478-10EC-4FD3-A7A8-5A8B64D5F921}.Debug|Any CPU.ActiveCfg = Debug|Any CPU
		{8F0EA478-10EC-4FD3-A7A8-5A8B64D5F921}.Debug|Any CPU.Build.0 = Debug|Any CPU
		{8F0EA478-10EC-4FD3-A7A8-5A8B64D5F921}.Release|Any CPU.ActiveCfg = Release|Any CPU
		{8F0EA478-10EC-4FD3-A7A8-5A8B64D5F921}.Release|Any CPU.Build.0 = Release|Any CPU
		{E25E2F00-6BE2-47CF-8DF3-7328276A179F}.Debug|Any CPU.ActiveCfg = Debug|Any CPU
		{E25E2F00-6BE2-47CF-8DF3-7328276A179F}.Debug|Any CPU.Build.0 = Debug|Any CPU
		{E25E2F00-6BE2-47CF-8DF3-7328276A179F}.Release|Any CPU.ActiveCfg = Release|Any CPU
		{E25E2F00-6BE2-47CF-8DF3-7328276A179F}.Release|Any CPU.Build.0 = Release|Any CPU
		{64C79845-9782-4020-B212-FCE078F39118}.Debug|Any CPU.ActiveCfg = Debug|Any CPU
		{64C79845-9782-4020-B212-FCE078F39118}.Debug|Any CPU.Build.0 = Debug|Any CPU
		{64C79845-9782-4020-B212-FCE078F39118}.Release|Any CPU.ActiveCfg = Release|Any CPU
		{64C79845-9782-4020-B212-FCE078F39118}.Release|Any CPU.Build.0 = Release|Any CPU
		{8E68BEBF-04EE-4B63-8927-DC3443993823}.Debug|Any CPU.ActiveCfg = Debug|Any CPU
		{8E68BEBF-04EE-4B63-8927-DC3443993823}.Debug|Any CPU.Build.0 = Debug|Any CPU
		{8E68BEBF-04EE-4B63-8927-DC3443993823}.Release|Any CPU.ActiveCfg = Release|Any CPU
		{8E68BEBF-04EE-4B63-8927-DC3443993823}.Release|Any CPU.Build.0 = Release|Any CPU
		{A53B0DE5-590E-4521-9F2E-1AF0C48B1789}.Debug|Any CPU.ActiveCfg = Debug|Any CPU
		{A53B0DE5-590E-4521-9F2E-1AF0C48B1789}.Debug|Any CPU.Build.0 = Debug|Any CPU
		{A53B0DE5-590E-4521-9F2E-1AF0C48B1789}.Release|Any CPU.ActiveCfg = Release|Any CPU
		{A53B0DE5-590E-4521-9F2E-1AF0C48B1789}.Release|Any CPU.Build.0 = Release|Any CPU
	EndGlobalSection
	GlobalSection(SolutionProperties) = preSolution
		HideSolutionNode = FALSE
	EndGlobalSection
	GlobalSection(NestedProjects) = preSolution
		{159A918D-E6AA-4DFF-828D-46B025DB8E60} = {AF385DA0-98C3-423B-B6C5-AE815D091825}
		{4FA6D400-051D-4DEE-A456-8DB53EE58E4E} = {2B60D2F5-404D-4821-9EA0-13F3E4A7ED90}
		{2B60D2F5-404D-4821-9EA0-13F3E4A7ED90} = {AF385DA0-98C3-423B-B6C5-AE815D091825}
		{14947CD0-856E-46D0-813E-B8741FBD1F76} = {AF385DA0-98C3-423B-B6C5-AE815D091825}
		{8D078A4D-9B16-488A-B782-0CB4929FD613} = {10EF18E9-13A3-4F79-9183-5DFC1AC405DD}
		{1DA6B238-4562-418B-BB7D-EED066AF6A9E} = {AF385DA0-98C3-423B-B6C5-AE815D091825}
		{DF056E44-AECD-4A1F-BC6E-DAEE41D8974B} = {AF385DA0-98C3-423B-B6C5-AE815D091825}
		{8C405ACC-4315-4093-BE11-887B5390695F} = {1DA6B238-4562-418B-BB7D-EED066AF6A9E}
		{198CF534-93DB-4211-8ED1-7D0DE794C7AD} = {DF056E44-AECD-4A1F-BC6E-DAEE41D8974B}
		{BC9CA94A-0823-40BD-B1DD-37305AFCD874} = {159A918D-E6AA-4DFF-828D-46B025DB8E60}
		{7B782A78-BC3E-4F98-9BBF-12FC46E213BA} = {10EF18E9-13A3-4F79-9183-5DFC1AC405DD}
		{86E65136-071F-499F-A968-210BACC6709A} = {10EF18E9-13A3-4F79-9183-5DFC1AC405DD}
		{0168F73E-F6E8-4D71-97D2-15CBE3FE6430} = {DF056E44-AECD-4A1F-BC6E-DAEE41D8974B}
		{0AF6E41A-EC1A-451D-8DBE-E82D0065F82E} = {159A918D-E6AA-4DFF-828D-46B025DB8E60}
		{0DDEDAF9-1D60-4352-AF59-47D3BD2FD74D} = {1DA6B238-4562-418B-BB7D-EED066AF6A9E}
		{35247CE5-9A86-41E0-9BBA-8B0E6AC6ED46} = {10EF18E9-13A3-4F79-9183-5DFC1AC405DD}
		{0E310432-71AE-4E25-82B3-B4F1A4E3BA87} = {159A918D-E6AA-4DFF-828D-46B025DB8E60}
		{8F0EA478-10EC-4FD3-A7A8-5A8B64D5F921} = {14947CD0-856E-46D0-813E-B8741FBD1F76}
		{E25E2F00-6BE2-47CF-8DF3-7328276A179F} = {2B60D2F5-404D-4821-9EA0-13F3E4A7ED90}
		{64C79845-9782-4020-B212-FCE078F39118} = {159A918D-E6AA-4DFF-828D-46B025DB8E60}
		{8E68BEBF-04EE-4B63-8927-DC3443993823} = {C2EC1137-1DAB-4B9B-8187-6B03E7B5F4DC}
		{A53B0DE5-590E-4521-9F2E-1AF0C48B1789} = {10EF18E9-13A3-4F79-9183-5DFC1AC405DD}
	EndGlobalSection
	GlobalSection(ExtensibilityGlobals) = postSolution
		SolutionGuid = {41A27AA3-4F60-4CE7-96E2-303CCDA52EDD}
	EndGlobalSection
EndGlobal
