
Microsoft Visual Studio Solution File, Format Version 12.00
# Visual Studio 15
VisualStudioVersion = 15.0.28307.136
MinimumVisualStudioVersion = 10.0.40219.1
Project("{2150E333-8FDC-42A3-9474-1A3956D46DE8}") = "identity", "identity", "{159A918D-E6AA-4DFF-828D-46B025DB8E60}"
EndProject
Project("{9A19103F-16F7-4668-BE54-9A1E7A4F7556}") = "LinFx.Identity.Web", "src\identity\LinFx.Identity.Web\LinFx.Identity.Web.csproj", "{7FE8CC81-9129-41D5-9C8B-1699B183CADE}"
EndProject
Project("{2150E333-8FDC-42A3-9474-1A3956D46DE8}") = "samples", "samples", "{10EF18E9-13A3-4F79-9183-5DFC1AC405DD}"
EndProject
Project("{9A19103F-16F7-4668-BE54-9A1E7A4F7556}") = "LinFx.Identity", "src\identity\LinFx.Identity\LinFx.Identity.csproj", "{1943C2B1-7ACA-462C-A9C4-91384F52B8B1}"
EndProject
Project("{9A19103F-16F7-4668-BE54-9A1E7A4F7556}") = "LinFx", "..\LinFx\src\LinFx\LinFx.csproj", "{F5D0EDE2-B83C-4D52-BC75-F56F978ECFB0}"
EndProject
Project("{2150E333-8FDC-42A3-9474-1A3956D46DE8}") = "core", "core", "{BC98B543-2857-40D5-BDF9-CB0FE0B64D12}"
EndProject
Project("{9A19103F-16F7-4668-BE54-9A1E7A4F7556}") = "LinFx.Blogging", "src\blogging\LinFx.Blogging\LinFx.Blogging.csproj", "{4FA6D400-051D-4DEE-A456-8DB53EE58E4E}"
EndProject
Project("{2150E333-8FDC-42A3-9474-1A3956D46DE8}") = "modules", "modules", "{AF385DA0-98C3-423B-B6C5-AE815D091825}"
EndProject
Project("{2150E333-8FDC-42A3-9474-1A3956D46DE8}") = "blogging", "blogging", "{2B60D2F5-404D-4821-9EA0-13F3E4A7ED90}"
EndProject
Project("{2150E333-8FDC-42A3-9474-1A3956D46DE8}") = "account", "account", "{14947CD0-856E-46D0-813E-B8741FBD1F76}"
EndProject
Project("{9A19103F-16F7-4668-BE54-9A1E7A4F7556}") = "LinFx.IdentityServer", "src\identity\LinFx.IdentityServer\LinFx.IdentityServer.csproj", "{C2B3C20C-7BB9-48ED-8AFE-C9F672D5E2A3}"
EndProject
Project("{9A19103F-16F7-4668-BE54-9A1E7A4F7556}") = "IdentityService.Host", "samples\IdentityService.Host\IdentityService.Host.csproj", "{6B3B7B2A-2C32-4BCC-83DB-19A99D4898C6}"
EndProject
Project("{9A19103F-16F7-4668-BE54-9A1E7A4F7556}") = "LinFx.Identity.UI", "src\identity\LinFx.Identity.UI\LinFx.Identity.UI.csproj", "{07F3C94D-24A7-4A13-B28B-CEEA9BA60EAA}"
EndProject
Project("{9A19103F-16F7-4668-BE54-9A1E7A4F7556}") = "Identity.DefaultUI", "samples\Identity.DefaultUI\Identity.DefaultUI\Identity.DefaultUI.csproj", "{ED35FE8C-9A7A-45B6-BE37-0BA34388DA19}"
EndProject
Project("{FAE04EC0-301F-11D3-BF4B-00C04F79EFBC}") = "Blogging.Host", "samples\Blogging.Host\Blogging.Host.csproj", "{87F239F0-ACD9-483F-A20D-F86233D5EB76}"
EndProject
Project("{9A19103F-16F7-4668-BE54-9A1E7A4F7556}") = "LinFx.Account.UI", "src\account\LinFx.Account.UI\LinFx.Account.UI.csproj", "{CAE4C39B-C7E1-4FA6-ABA1-66AED3603F68}"
EndProject
Project("{9A19103F-16F7-4668-BE54-9A1E7A4F7556}") = "LinFx.Blogging.UI", "src\blogging\LinFx.Blogging.UI\LinFx.Blogging.UI.csproj", "{2E10C300-D94D-43B9-92C8-37A82AF26C67}"
EndProject
Project("{FAE04EC0-301F-11D3-BF4B-00C04F79EFBC}") = "LinFx.Identity.Web.Host", "samples\LinFx.Identity.Web.Host\LinFx.Identity.Web.Host.csproj", "{8D078A4D-9B16-488A-B782-0CB4929FD613}"
EndProject
Global
	GlobalSection(SolutionConfigurationPlatforms) = preSolution
		Debug|Any CPU = Debug|Any CPU
		Release|Any CPU = Release|Any CPU
	EndGlobalSection
	GlobalSection(ProjectConfigurationPlatforms) = postSolution
		{7FE8CC81-9129-41D5-9C8B-1699B183CADE}.Debug|Any CPU.ActiveCfg = Debug|Any CPU
		{7FE8CC81-9129-41D5-9C8B-1699B183CADE}.Debug|Any CPU.Build.0 = Debug|Any CPU
		{7FE8CC81-9129-41D5-9C8B-1699B183CADE}.Release|Any CPU.ActiveCfg = Release|Any CPU
		{7FE8CC81-9129-41D5-9C8B-1699B183CADE}.Release|Any CPU.Build.0 = Release|Any CPU
		{1943C2B1-7ACA-462C-A9C4-91384F52B8B1}.Debug|Any CPU.ActiveCfg = Debug|Any CPU
		{1943C2B1-7ACA-462C-A9C4-91384F52B8B1}.Debug|Any CPU.Build.0 = Debug|Any CPU
		{1943C2B1-7ACA-462C-A9C4-91384F52B8B1}.Release|Any CPU.ActiveCfg = Release|Any CPU
		{1943C2B1-7ACA-462C-A9C4-91384F52B8B1}.Release|Any CPU.Build.0 = Release|Any CPU
		{F5D0EDE2-B83C-4D52-BC75-F56F978ECFB0}.Debug|Any CPU.ActiveCfg = Debug|Any CPU
		{F5D0EDE2-B83C-4D52-BC75-F56F978ECFB0}.Debug|Any CPU.Build.0 = Debug|Any CPU
		{F5D0EDE2-B83C-4D52-BC75-F56F978ECFB0}.Release|Any CPU.ActiveCfg = Release|Any CPU
		{F5D0EDE2-B83C-4D52-BC75-F56F978ECFB0}.Release|Any CPU.Build.0 = Release|Any CPU
		{4FA6D400-051D-4DEE-A456-8DB53EE58E4E}.Debug|Any CPU.ActiveCfg = Debug|Any CPU
		{4FA6D400-051D-4DEE-A456-8DB53EE58E4E}.Debug|Any CPU.Build.0 = Debug|Any CPU
		{4FA6D400-051D-4DEE-A456-8DB53EE58E4E}.Release|Any CPU.ActiveCfg = Release|Any CPU
		{4FA6D400-051D-4DEE-A456-8DB53EE58E4E}.Release|Any CPU.Build.0 = Release|Any CPU
		{C2B3C20C-7BB9-48ED-8AFE-C9F672D5E2A3}.Debug|Any CPU.ActiveCfg = Debug|Any CPU
		{C2B3C20C-7BB9-48ED-8AFE-C9F672D5E2A3}.Debug|Any CPU.Build.0 = Debug|Any CPU
		{C2B3C20C-7BB9-48ED-8AFE-C9F672D5E2A3}.Release|Any CPU.ActiveCfg = Release|Any CPU
		{C2B3C20C-7BB9-48ED-8AFE-C9F672D5E2A3}.Release|Any CPU.Build.0 = Release|Any CPU
		{6B3B7B2A-2C32-4BCC-83DB-19A99D4898C6}.Debug|Any CPU.ActiveCfg = Debug|Any CPU
		{6B3B7B2A-2C32-4BCC-83DB-19A99D4898C6}.Debug|Any CPU.Build.0 = Debug|Any CPU
		{6B3B7B2A-2C32-4BCC-83DB-19A99D4898C6}.Release|Any CPU.ActiveCfg = Release|Any CPU
		{6B3B7B2A-2C32-4BCC-83DB-19A99D4898C6}.Release|Any CPU.Build.0 = Release|Any CPU
		{07F3C94D-24A7-4A13-B28B-CEEA9BA60EAA}.Debug|Any CPU.ActiveCfg = Debug|Any CPU
		{07F3C94D-24A7-4A13-B28B-CEEA9BA60EAA}.Debug|Any CPU.Build.0 = Debug|Any CPU
		{07F3C94D-24A7-4A13-B28B-CEEA9BA60EAA}.Release|Any CPU.ActiveCfg = Release|Any CPU
		{07F3C94D-24A7-4A13-B28B-CEEA9BA60EAA}.Release|Any CPU.Build.0 = Release|Any CPU
		{ED35FE8C-9A7A-45B6-BE37-0BA34388DA19}.Debug|Any CPU.ActiveCfg = Debug|Any CPU
		{ED35FE8C-9A7A-45B6-BE37-0BA34388DA19}.Debug|Any CPU.Build.0 = Debug|Any CPU
		{ED35FE8C-9A7A-45B6-BE37-0BA34388DA19}.Release|Any CPU.ActiveCfg = Release|Any CPU
		{ED35FE8C-9A7A-45B6-BE37-0BA34388DA19}.Release|Any CPU.Build.0 = Release|Any CPU
		{87F239F0-ACD9-483F-A20D-F86233D5EB76}.Debug|Any CPU.ActiveCfg = Debug|Any CPU
		{87F239F0-ACD9-483F-A20D-F86233D5EB76}.Debug|Any CPU.Build.0 = Debug|Any CPU
		{87F239F0-ACD9-483F-A20D-F86233D5EB76}.Release|Any CPU.ActiveCfg = Release|Any CPU
		{87F239F0-ACD9-483F-A20D-F86233D5EB76}.Release|Any CPU.Build.0 = Release|Any CPU
		{CAE4C39B-C7E1-4FA6-ABA1-66AED3603F68}.Debug|Any CPU.ActiveCfg = Debug|Any CPU
		{CAE4C39B-C7E1-4FA6-ABA1-66AED3603F68}.Debug|Any CPU.Build.0 = Debug|Any CPU
		{CAE4C39B-C7E1-4FA6-ABA1-66AED3603F68}.Release|Any CPU.ActiveCfg = Release|Any CPU
		{CAE4C39B-C7E1-4FA6-ABA1-66AED3603F68}.Release|Any CPU.Build.0 = Release|Any CPU
		{2E10C300-D94D-43B9-92C8-37A82AF26C67}.Debug|Any CPU.ActiveCfg = Debug|Any CPU
		{2E10C300-D94D-43B9-92C8-37A82AF26C67}.Debug|Any CPU.Build.0 = Debug|Any CPU
		{2E10C300-D94D-43B9-92C8-37A82AF26C67}.Release|Any CPU.ActiveCfg = Release|Any CPU
		{2E10C300-D94D-43B9-92C8-37A82AF26C67}.Release|Any CPU.Build.0 = Release|Any CPU
		{8D078A4D-9B16-488A-B782-0CB4929FD613}.Debug|Any CPU.ActiveCfg = Debug|Any CPU
		{8D078A4D-9B16-488A-B782-0CB4929FD613}.Debug|Any CPU.Build.0 = Debug|Any CPU
		{8D078A4D-9B16-488A-B782-0CB4929FD613}.Release|Any CPU.ActiveCfg = Release|Any CPU
		{8D078A4D-9B16-488A-B782-0CB4929FD613}.Release|Any CPU.Build.0 = Release|Any CPU
	EndGlobalSection
	GlobalSection(SolutionProperties) = preSolution
		HideSolutionNode = FALSE
	EndGlobalSection
	GlobalSection(NestedProjects) = preSolution
		{159A918D-E6AA-4DFF-828D-46B025DB8E60} = {AF385DA0-98C3-423B-B6C5-AE815D091825}
		{7FE8CC81-9129-41D5-9C8B-1699B183CADE} = {159A918D-E6AA-4DFF-828D-46B025DB8E60}
		{1943C2B1-7ACA-462C-A9C4-91384F52B8B1} = {159A918D-E6AA-4DFF-828D-46B025DB8E60}
		{F5D0EDE2-B83C-4D52-BC75-F56F978ECFB0} = {BC98B543-2857-40D5-BDF9-CB0FE0B64D12}
		{4FA6D400-051D-4DEE-A456-8DB53EE58E4E} = {2B60D2F5-404D-4821-9EA0-13F3E4A7ED90}
		{2B60D2F5-404D-4821-9EA0-13F3E4A7ED90} = {AF385DA0-98C3-423B-B6C5-AE815D091825}
		{14947CD0-856E-46D0-813E-B8741FBD1F76} = {AF385DA0-98C3-423B-B6C5-AE815D091825}
		{C2B3C20C-7BB9-48ED-8AFE-C9F672D5E2A3} = {159A918D-E6AA-4DFF-828D-46B025DB8E60}
		{6B3B7B2A-2C32-4BCC-83DB-19A99D4898C6} = {10EF18E9-13A3-4F79-9183-5DFC1AC405DD}
		{07F3C94D-24A7-4A13-B28B-CEEA9BA60EAA} = {159A918D-E6AA-4DFF-828D-46B025DB8E60}
		{ED35FE8C-9A7A-45B6-BE37-0BA34388DA19} = {10EF18E9-13A3-4F79-9183-5DFC1AC405DD}
		{87F239F0-ACD9-483F-A20D-F86233D5EB76} = {10EF18E9-13A3-4F79-9183-5DFC1AC405DD}
		{CAE4C39B-C7E1-4FA6-ABA1-66AED3603F68} = {14947CD0-856E-46D0-813E-B8741FBD1F76}
		{2E10C300-D94D-43B9-92C8-37A82AF26C67} = {2B60D2F5-404D-4821-9EA0-13F3E4A7ED90}
		{8D078A4D-9B16-488A-B782-0CB4929FD613} = {10EF18E9-13A3-4F79-9183-5DFC1AC405DD}
	EndGlobalSection
	GlobalSection(ExtensibilityGlobals) = postSolution
		SolutionGuid = {41A27AA3-4F60-4CE7-96E2-303CCDA52EDD}
	EndGlobalSection
EndGlobal
