
Microsoft Visual Studio Solution File, Format Version 12.00
# Visual Studio 15
VisualStudioVersion = 15.0.28307.136
MinimumVisualStudioVersion = 10.0.40219.1
Project("{9A19103F-16F7-4668-BE54-9A1E7A4F7556}") = "Basket.Api", "src\Basket.Api\Basket.Api.csproj", "{36F193CC-7F93-47EA-A433-784014D0EF67}"
EndProject
Project("{9A19103F-16F7-4668-BE54-9A1E7A4F7556}") = "Ordering.Api", "src\Ordering.Api\Ordering.Api.csproj", "{91FDB326-3319-4CA6-8ABB-4C5BEFFAE4EF}"
EndProject
Project("{9A19103F-16F7-4668-BE54-9A1E7A4F7556}") = "Catalog.Api", "src\Catalog.Api\Catalog.Api.csproj", "{AF3DBD44-D7C5-4C35-ACE0-2EC88C9DF99E}"
EndProject
Project("{9A19103F-16F7-4668-BE54-9A1E7A4F7556}") = "Payment.Api", "src\Payment.Api\Payment.Api.csproj", "{62261B34-20B5-42D9-9E13-550EB74CE1B8}"
EndProject
Project("{9A19103F-16F7-4668-BE54-9A1E7A4F7556}") = "Identity.Api", "src\Identity.Api\Identity.Api.csproj", "{F7439CE2-1488-4890-868D-00A74B09F3C1}"
EndProject
Project("{9A19103F-16F7-4668-BE54-9A1E7A4F7556}") = "WebMvc", "src\WebMvc\WebMvc.csproj", "{C52E9E6D-EE7A-48C5-AC1C-AB8E59E56790}"
EndProject
Project("{9A19103F-16F7-4668-BE54-9A1E7A4F7556}") = "Ordering.Domain", "src\Ordering.Domain\Ordering.Domain.csproj", "{95824F62-9890-48BB-A834-4EF8BA540C03}"
EndProject
Project("{9A19103F-16F7-4668-BE54-9A1E7A4F7556}") = "Ordering.Infrastructure", "src\Ordering.Infrastructure\Ordering.Infrastructure.csproj", "{E8184F7D-4927-4ECC-8381-C072D0BDD618}"
EndProject
Project("{2150E333-8FDC-42A3-9474-1A3956D46DE8}") = "Ordering", "Ordering", "{BC030A3A-8747-43E6-A744-D7E6C25F28B4}"
EndProject
Project("{9A19103F-16F7-4668-BE54-9A1E7A4F7556}") = "Ordering.Application", "src\Ordering.Application\Ordering.Application.csproj", "{365AC83D-24CD-4A87-A421-43B39655E26A}"
EndProject
Project("{9A19103F-16F7-4668-BE54-9A1E7A4F7556}") = "LinFx", "..\LinFx\src\LinFx\LinFx.csproj", "{D80E9D04-470A-47CD-8A8F-962DDDEF454C}"
EndProject
Project("{9A19103F-16F7-4668-BE54-9A1E7A4F7556}") = "Ordering.UnitTests", "test\Ordering.UnitTests\Ordering.UnitTests.csproj", "{A16EAA28-E3F9-44DD-B7B9-F9CA0F07B2E7}"
EndProject
Project("{2150E333-8FDC-42A3-9474-1A3956D46DE8}") = "Catalog", "Catalog", "{6552B0DB-1510-4E53-801F-0CAD3F8FF80E}"
EndProject
Project("{9A19103F-16F7-4668-BE54-9A1E7A4F7556}") = "Catalog.Domain", "src\Catalog.Domain\Catalog.Domain.csproj", "{B1A9F342-2055-40A6-A067-519D3EFF3DA2}"
EndProject
Project("{9A19103F-16F7-4668-BE54-9A1E7A4F7556}") = "Catalog.Infrastructure", "src\Catalog.Infrastructure\Catalog.Infrastructure.csproj", "{E173F58C-3316-4E21-BDE4-C11DFA496AE0}"
EndProject
Project("{9A19103F-16F7-4668-BE54-9A1E7A4F7556}") = "Catalog.Application", "src\Catalog.Application\Catalog.Application.csproj", "{DE7FE035-EDC7-4774-AC3C-F921C887EABE}"
EndProject
Project("{2150E333-8FDC-42A3-9474-1A3956D46DE8}") = "Payment", "Payment", "{61E295A2-744D-443F-A6BD-6D800AA6F81B}"
EndProject
Project("{9A19103F-16F7-4668-BE54-9A1E7A4F7556}") = "Payment.Domain", "src\Payment.Domain\Payment.Domain.csproj", "{AB98B4AA-AC3E-4FD6-8D9E-A059BC191B30}"
EndProject
Project("{9A19103F-16F7-4668-BE54-9A1E7A4F7556}") = "Payment.Infrastructure", "src\Payment.Infrastructure\Payment.Infrastructure.csproj", "{DC8CA3F3-4C8B-4018-8EF8-A230192ABE76}"
EndProject
Global
	GlobalSection(SolutionConfigurationPlatforms) = preSolution
		Debug|Any CPU = Debug|Any CPU
		Release|Any CPU = Release|Any CPU
	EndGlobalSection
	GlobalSection(ProjectConfigurationPlatforms) = postSolution
		{36F193CC-7F93-47EA-A433-784014D0EF67}.Debug|Any CPU.ActiveCfg = Debug|Any CPU
		{36F193CC-7F93-47EA-A433-784014D0EF67}.Debug|Any CPU.Build.0 = Debug|Any CPU
		{36F193CC-7F93-47EA-A433-784014D0EF67}.Release|Any CPU.ActiveCfg = Release|Any CPU
		{36F193CC-7F93-47EA-A433-784014D0EF67}.Release|Any CPU.Build.0 = Release|Any CPU
		{91FDB326-3319-4CA6-8ABB-4C5BEFFAE4EF}.Debug|Any CPU.ActiveCfg = Debug|Any CPU
		{91FDB326-3319-4CA6-8ABB-4C5BEFFAE4EF}.Debug|Any CPU.Build.0 = Debug|Any CPU
		{91FDB326-3319-4CA6-8ABB-4C5BEFFAE4EF}.Release|Any CPU.ActiveCfg = Release|Any CPU
		{91FDB326-3319-4CA6-8ABB-4C5BEFFAE4EF}.Release|Any CPU.Build.0 = Release|Any CPU
		{AF3DBD44-D7C5-4C35-ACE0-2EC88C9DF99E}.Debug|Any CPU.ActiveCfg = Debug|Any CPU
		{AF3DBD44-D7C5-4C35-ACE0-2EC88C9DF99E}.Debug|Any CPU.Build.0 = Debug|Any CPU
		{AF3DBD44-D7C5-4C35-ACE0-2EC88C9DF99E}.Release|Any CPU.ActiveCfg = Release|Any CPU
		{AF3DBD44-D7C5-4C35-ACE0-2EC88C9DF99E}.Release|Any CPU.Build.0 = Release|Any CPU
		{62261B34-20B5-42D9-9E13-550EB74CE1B8}.Debug|Any CPU.ActiveCfg = Debug|Any CPU
		{62261B34-20B5-42D9-9E13-550EB74CE1B8}.Debug|Any CPU.Build.0 = Debug|Any CPU
		{62261B34-20B5-42D9-9E13-550EB74CE1B8}.Release|Any CPU.ActiveCfg = Release|Any CPU
		{62261B34-20B5-42D9-9E13-550EB74CE1B8}.Release|Any CPU.Build.0 = Release|Any CPU
		{F7439CE2-1488-4890-868D-00A74B09F3C1}.Debug|Any CPU.ActiveCfg = Debug|Any CPU
		{F7439CE2-1488-4890-868D-00A74B09F3C1}.Debug|Any CPU.Build.0 = Debug|Any CPU
		{F7439CE2-1488-4890-868D-00A74B09F3C1}.Release|Any CPU.ActiveCfg = Release|Any CPU
		{F7439CE2-1488-4890-868D-00A74B09F3C1}.Release|Any CPU.Build.0 = Release|Any CPU
		{C52E9E6D-EE7A-48C5-AC1C-AB8E59E56790}.Debug|Any CPU.ActiveCfg = Debug|Any CPU
		{C52E9E6D-EE7A-48C5-AC1C-AB8E59E56790}.Debug|Any CPU.Build.0 = Debug|Any CPU
		{C52E9E6D-EE7A-48C5-AC1C-AB8E59E56790}.Release|Any CPU.ActiveCfg = Release|Any CPU
		{C52E9E6D-EE7A-48C5-AC1C-AB8E59E56790}.Release|Any CPU.Build.0 = Release|Any CPU
		{95824F62-9890-48BB-A834-4EF8BA540C03}.Debug|Any CPU.ActiveCfg = Debug|Any CPU
		{95824F62-9890-48BB-A834-4EF8BA540C03}.Debug|Any CPU.Build.0 = Debug|Any CPU
		{95824F62-9890-48BB-A834-4EF8BA540C03}.Release|Any CPU.ActiveCfg = Release|Any CPU
		{95824F62-9890-48BB-A834-4EF8BA540C03}.Release|Any CPU.Build.0 = Release|Any CPU
		{E8184F7D-4927-4ECC-8381-C072D0BDD618}.Debug|Any CPU.ActiveCfg = Debug|Any CPU
		{E8184F7D-4927-4ECC-8381-C072D0BDD618}.Debug|Any CPU.Build.0 = Debug|Any CPU
		{E8184F7D-4927-4ECC-8381-C072D0BDD618}.Release|Any CPU.ActiveCfg = Release|Any CPU
		{E8184F7D-4927-4ECC-8381-C072D0BDD618}.Release|Any CPU.Build.0 = Release|Any CPU
		{365AC83D-24CD-4A87-A421-43B39655E26A}.Debug|Any CPU.ActiveCfg = Debug|Any CPU
		{365AC83D-24CD-4A87-A421-43B39655E26A}.Debug|Any CPU.Build.0 = Debug|Any CPU
		{365AC83D-24CD-4A87-A421-43B39655E26A}.Release|Any CPU.ActiveCfg = Release|Any CPU
		{365AC83D-24CD-4A87-A421-43B39655E26A}.Release|Any CPU.Build.0 = Release|Any CPU
		{D80E9D04-470A-47CD-8A8F-962DDDEF454C}.Debug|Any CPU.ActiveCfg = Debug|Any CPU
		{D80E9D04-470A-47CD-8A8F-962DDDEF454C}.Debug|Any CPU.Build.0 = Debug|Any CPU
		{D80E9D04-470A-47CD-8A8F-962DDDEF454C}.Release|Any CPU.ActiveCfg = Release|Any CPU
		{D80E9D04-470A-47CD-8A8F-962DDDEF454C}.Release|Any CPU.Build.0 = Release|Any CPU
		{A16EAA28-E3F9-44DD-B7B9-F9CA0F07B2E7}.Debug|Any CPU.ActiveCfg = Debug|Any CPU
		{A16EAA28-E3F9-44DD-B7B9-F9CA0F07B2E7}.Debug|Any CPU.Build.0 = Debug|Any CPU
		{A16EAA28-E3F9-44DD-B7B9-F9CA0F07B2E7}.Release|Any CPU.ActiveCfg = Release|Any CPU
		{A16EAA28-E3F9-44DD-B7B9-F9CA0F07B2E7}.Release|Any CPU.Build.0 = Release|Any CPU
		{B1A9F342-2055-40A6-A067-519D3EFF3DA2}.Debug|Any CPU.ActiveCfg = Debug|Any CPU
		{B1A9F342-2055-40A6-A067-519D3EFF3DA2}.Debug|Any CPU.Build.0 = Debug|Any CPU
		{B1A9F342-2055-40A6-A067-519D3EFF3DA2}.Release|Any CPU.ActiveCfg = Release|Any CPU
		{B1A9F342-2055-40A6-A067-519D3EFF3DA2}.Release|Any CPU.Build.0 = Release|Any CPU
		{E173F58C-3316-4E21-BDE4-C11DFA496AE0}.Debug|Any CPU.ActiveCfg = Debug|Any CPU
		{E173F58C-3316-4E21-BDE4-C11DFA496AE0}.Debug|Any CPU.Build.0 = Debug|Any CPU
		{E173F58C-3316-4E21-BDE4-C11DFA496AE0}.Release|Any CPU.ActiveCfg = Release|Any CPU
		{E173F58C-3316-4E21-BDE4-C11DFA496AE0}.Release|Any CPU.Build.0 = Release|Any CPU
		{DE7FE035-EDC7-4774-AC3C-F921C887EABE}.Debug|Any CPU.ActiveCfg = Debug|Any CPU
		{DE7FE035-EDC7-4774-AC3C-F921C887EABE}.Debug|Any CPU.Build.0 = Debug|Any CPU
		{DE7FE035-EDC7-4774-AC3C-F921C887EABE}.Release|Any CPU.ActiveCfg = Release|Any CPU
		{DE7FE035-EDC7-4774-AC3C-F921C887EABE}.Release|Any CPU.Build.0 = Release|Any CPU
		{AB98B4AA-AC3E-4FD6-8D9E-A059BC191B30}.Debug|Any CPU.ActiveCfg = Debug|Any CPU
		{AB98B4AA-AC3E-4FD6-8D9E-A059BC191B30}.Debug|Any CPU.Build.0 = Debug|Any CPU
		{AB98B4AA-AC3E-4FD6-8D9E-A059BC191B30}.Release|Any CPU.ActiveCfg = Release|Any CPU
		{AB98B4AA-AC3E-4FD6-8D9E-A059BC191B30}.Release|Any CPU.Build.0 = Release|Any CPU
		{DC8CA3F3-4C8B-4018-8EF8-A230192ABE76}.Debug|Any CPU.ActiveCfg = Debug|Any CPU
		{DC8CA3F3-4C8B-4018-8EF8-A230192ABE76}.Debug|Any CPU.Build.0 = Debug|Any CPU
		{DC8CA3F3-4C8B-4018-8EF8-A230192ABE76}.Release|Any CPU.ActiveCfg = Release|Any CPU
		{DC8CA3F3-4C8B-4018-8EF8-A230192ABE76}.Release|Any CPU.Build.0 = Release|Any CPU
	EndGlobalSection
	GlobalSection(SolutionProperties) = preSolution
		HideSolutionNode = FALSE
	EndGlobalSection
	GlobalSection(NestedProjects) = preSolution
		{91FDB326-3319-4CA6-8ABB-4C5BEFFAE4EF} = {BC030A3A-8747-43E6-A744-D7E6C25F28B4}
		{AF3DBD44-D7C5-4C35-ACE0-2EC88C9DF99E} = {6552B0DB-1510-4E53-801F-0CAD3F8FF80E}
		{62261B34-20B5-42D9-9E13-550EB74CE1B8} = {61E295A2-744D-443F-A6BD-6D800AA6F81B}
		{95824F62-9890-48BB-A834-4EF8BA540C03} = {BC030A3A-8747-43E6-A744-D7E6C25F28B4}
		{E8184F7D-4927-4ECC-8381-C072D0BDD618} = {BC030A3A-8747-43E6-A744-D7E6C25F28B4}
		{365AC83D-24CD-4A87-A421-43B39655E26A} = {BC030A3A-8747-43E6-A744-D7E6C25F28B4}
		{A16EAA28-E3F9-44DD-B7B9-F9CA0F07B2E7} = {BC030A3A-8747-43E6-A744-D7E6C25F28B4}
		{B1A9F342-2055-40A6-A067-519D3EFF3DA2} = {6552B0DB-1510-4E53-801F-0CAD3F8FF80E}
		{E173F58C-3316-4E21-BDE4-C11DFA496AE0} = {6552B0DB-1510-4E53-801F-0CAD3F8FF80E}
		{DE7FE035-EDC7-4774-AC3C-F921C887EABE} = {6552B0DB-1510-4E53-801F-0CAD3F8FF80E}
		{AB98B4AA-AC3E-4FD6-8D9E-A059BC191B30} = {61E295A2-744D-443F-A6BD-6D800AA6F81B}
		{DC8CA3F3-4C8B-4018-8EF8-A230192ABE76} = {61E295A2-744D-443F-A6BD-6D800AA6F81B}
	EndGlobalSection
	GlobalSection(ExtensibilityGlobals) = postSolution
		SolutionGuid = {41A27AA3-4F60-4CE7-96E2-303CCDA52EDD}
	EndGlobalSection
EndGlobal
